
Microsoft Visual Studio Solution File, Format Version 12.00
# Visual Studio 15
VisualStudioVersion = 15.0.28307.168
MinimumVisualStudioVersion = 10.0.40219.1
Project("{FAE04EC0-301F-11D3-BF4B-00C04F79EFBC}") = "HPARReaderV3", "HPARReaderV3\HPARReaderV3.csproj", "{E2902844-89CA-43A9-91A0-BEBDAD82A495}"
EndProject
Global
	GlobalSection(SolutionConfigurationPlatforms) = preSolution
		Debug|Any CPU = Debug|Any CPU
		Release|Any CPU = Release|Any CPU
	EndGlobalSection
	GlobalSection(ProjectConfigurationPlatforms) = postSolution
		{E2902844-89CA-43A9-91A0-BEBDAD82A495}.Debug|Any CPU.ActiveCfg = Debug|Any CPU
		{E2902844-89CA-43A9-91A0-BEBDAD82A495}.Debug|Any CPU.Build.0 = Debug|Any CPU
		{E2902844-89CA-43A9-91A0-BEBDAD82A495}.Release|Any CPU.ActiveCfg = Release|Any CPU
		{E2902844-89CA-43A9-91A0-BEBDAD82A495}.Release|Any CPU.Build.0 = Release|Any CPU
	EndGlobalSection
	GlobalSection(SolutionProperties) = preSolution
		HideSolutionNode = FALSE
	EndGlobalSection
	GlobalSection(ExtensibilityGlobals) = postSolution
		SolutionGuid = {EF5DDDFB-FB8A-47D6-933F-30858F4AA506}
	EndGlobalSection
EndGlobal
